
Microsoft Visual Studio Solution File, Format Version 12.00
# Visual Studio Version 16
VisualStudioVersion = 16.0.28803.452
MinimumVisualStudioVersion = 10.0.40219.1
Project("{FAE04EC0-301F-11D3-BF4B-00C04F79EFBC}") = "TeaBagMaker", "TeaBagMaker\TeaBagMaker.csproj", "{168F0380-7082-4FD4-99C1-F4FB4E24B4F4}"
EndProject
Global
	GlobalSection(SolutionConfigurationPlatforms) = preSolution
		Debug|Any CPU = Debug|Any CPU
		Release|Any CPU = Release|Any CPU
	EndGlobalSection
	GlobalSection(ProjectConfigurationPlatforms) = postSolution
		{168F0380-7082-4FD4-99C1-F4FB4E24B4F4}.Debug|Any CPU.ActiveCfg = Debug|Any CPU
		{168F0380-7082-4FD4-99C1-F4FB4E24B4F4}.Debug|Any CPU.Build.0 = Debug|Any CPU
		{168F0380-7082-4FD4-99C1-F4FB4E24B4F4}.Release|Any CPU.ActiveCfg = Release|Any CPU
		{168F0380-7082-4FD4-99C1-F4FB4E24B4F4}.Release|Any CPU.Build.0 = Release|Any CPU
	EndGlobalSection
	GlobalSection(SolutionProperties) = preSolution
		HideSolutionNode = FALSE
	EndGlobalSection
	GlobalSection(ExtensibilityGlobals) = postSolution
		SolutionGuid = {99AC35F6-952D-4B23-B003-9653560D73A6}
	EndGlobalSection
EndGlobal
